
Microsoft Visual Studio Solution File, Format Version 12.00
# Visual Studio Version 16
VisualStudioVersion = 16.0.31515.178
MinimumVisualStudioVersion = 10.0.40219.1
Project("{F184B08F-C81C-45F6-A57F-5ABD9991F28F}") = "201222520_DEPOSITOS", "201222520_DEPOSITOS\201222520_DEPOSITOS.vbproj", "{DED11AF2-7CD6-4240-8830-A720E0AC265A}"
EndProject
Global
	GlobalSection(SolutionConfigurationPlatforms) = preSolution
		Debug|Any CPU = Debug|Any CPU
		Release|Any CPU = Release|Any CPU
	EndGlobalSection
	GlobalSection(ProjectConfigurationPlatforms) = postSolution
		{DED11AF2-7CD6-4240-8830-A720E0AC265A}.Debug|Any CPU.ActiveCfg = Debug|Any CPU
		{DED11AF2-7CD6-4240-8830-A720E0AC265A}.Debug|Any CPU.Build.0 = Debug|Any CPU
		{DED11AF2-7CD6-4240-8830-A720E0AC265A}.Release|Any CPU.ActiveCfg = Release|Any CPU
		{DED11AF2-7CD6-4240-8830-A720E0AC265A}.Release|Any CPU.Build.0 = Release|Any CPU
	EndGlobalSection
	GlobalSection(SolutionProperties) = preSolution
		HideSolutionNode = FALSE
	EndGlobalSection
	GlobalSection(ExtensibilityGlobals) = postSolution
		SolutionGuid = {4552CDC7-E4E5-4433-A3AB-C8EEC63EF6E1}
	EndGlobalSection
EndGlobal
